
Microsoft Visual Studio Solution File, Format Version 12.00
# Visual Studio Version 17
VisualStudioVersion = 17.7.34024.191
MinimumVisualStudioVersion = 10.0.40219.1
Project("{FAE04EC0-301F-11D3-BF4B-00C04F79EFBC}") = "BC Toolkit", "BC Toolkit.csproj", "{44328D32-4267-4F20-ABCF-98CDAE41B91E}"
EndProject
Global
	GlobalSection(SolutionConfigurationPlatforms) = preSolution
		Debug|Any CPU = Debug|Any CPU
		Release|Any CPU = Release|Any CPU
	EndGlobalSection
	GlobalSection(ProjectConfigurationPlatforms) = postSolution
		{44328D32-4267-4F20-ABCF-98CDAE41B91E}.Debug|Any CPU.ActiveCfg = Debug|Any CPU
		{44328D32-4267-4F20-ABCF-98CDAE41B91E}.Debug|Any CPU.Build.0 = Debug|Any CPU
		{44328D32-4267-4F20-ABCF-98CDAE41B91E}.Release|Any CPU.ActiveCfg = Release|Any CPU
		{44328D32-4267-4F20-ABCF-98CDAE41B91E}.Release|Any CPU.Build.0 = Release|Any CPU
	EndGlobalSection
	GlobalSection(SolutionProperties) = preSolution
		HideSolutionNode = FALSE
	EndGlobalSection
	GlobalSection(ExtensibilityGlobals) = postSolution
		SolutionGuid = {030329C7-413E-4FE9-B356-95B659A77346}
	EndGlobalSection
EndGlobal
